<Solution>
  <Folder Name="/examples/">
    <Project Path="examples/SvgToDxf.Example/SvgToDxf.Example.csproj" />
  </Folder>
  <Folder Name="/src/">
    <Project Path="src/SvgToDxf/SvgToDxf.csproj" />
  </Folder>
  <Folder Name="/tests/">
    <Project Path="tests/SvgToDxf.Tests/SvgToDxf.Tests.csproj" />
  </Folder>
</Solution>
